<?xml version="1.0" encoding="utf-8"?>
<Project ToolsVersion="4.0" xmlns="http://schemas.microsoft.com/developer/msbuild/2003">
  <ItemGroup>
    <Filter Include="Source Files">
      <UniqueIdentifier>{1aadd5f0-9e60-470a-a588-358052ed8c1a}</UniqueIdentifier>
      <Extensions>cpp;c;cxx;rc;def;r;odl;idl;hpj;bat;for;f90</Extensions>
    </Filter>
    <Filter Include="Source Files\common">
      <UniqueIdentifier>{1e111c20-4a6d-44ff-bf56-3480692df9a4}</UniqueIdentifier>
    </Filter>
    <Filter Include="Header Files">
      <UniqueIdentifier>{8c44907c-67d8-484d-9242-cba7db8ff712}</UniqueIdentifier>
      <Extensions>h;hpp;hxx;hm;inl;fi;fd</Extensions>
    </Filter>
    <Filter Include="Resource Files">
      <UniqueIdentifier>{241e5060-3401-4194-b90e-6d36c521b14d}</UniqueIdentifier>
      <Extensions>ico;cur;bmp;dlg;rc2;rct;bin;cnt;rtf;gif;jpg;jpeg;jpe</Extensions>
    </Filter>
  </ItemGroup>
  <ItemGroup>
    <ClCompile Include="merge.cpp">
      <Filter>Source Files</Filter>
    </ClCompile>
    <ClCompile Include="outside.cpp">
      <Filter>Source Files</Filter>
    </ClCompile>
    <ClCompile Include="portals.cpp">
      <Filter>Source Files</Filter>
    </ClCompile>
    <ClCompile Include="qbsp.cpp">
      <Filter>Source Files</Filter>
    </ClCompile>
    <ClCompile Include="solidbsp.cpp">
      <Filter>Source Files</Filter>
    </ClCompile>
    <ClCompile Include="surfaces.cpp">
      <Filter>Source Files</Filter>
    </ClCompile>
    <ClCompile Include="tjunc.cpp">
      <Filter>Source Files</Filter>
    </ClCompile>
    <ClCompile Include="..\common\winding.cpp">
      <Filter>Source Files</Filter>
    </ClCompile>
    <ClCompile Include="..\common\blockmem.cpp">
      <Filter>Source Files\common</Filter>
    </ClCompile>
    <ClCompile Include="..\common\bspfile.cpp">
      <Filter>Source Files\common</Filter>
    </ClCompile>
    <ClCompile Include="..\common\cmdlib.cpp">
      <Filter>Source Files\common</Filter>
    </ClCompile>
    <ClCompile Include="..\common\filelib.cpp">
      <Filter>Source Files\common</Filter>
    </ClCompile>
    <ClCompile Include="..\common\log.cpp">
      <Filter>Source Files\common</Filter>
    </ClCompile>
    <ClCompile Include="..\common\mathlib.cpp">
      <Filter>Source Files\common</Filter>
    </ClCompile>
    <ClCompile Include="..\common\messages.cpp">
      <Filter>Source Files\common</Filter>
    </ClCompile>
    <ClCompile Include="..\common\scriplib.cpp">
      <Filter>Source Files\common</Filter>
    </ClCompile>
    <ClCompile Include="..\common\threads.cpp">
      <Filter>Source Files\common</Filter>
    </ClCompile>
    <ClCompile Include="writebsp.cpp">
      <Filter>Source Files\common</Filter>
    </ClCompile>
  </ItemGroup>
  <ItemGroup>
    <ClInclude Include="..\common\blockmem.h">
      <Filter>Header Files</Filter>
    </ClInclude>
    <ClInclude Include="bsp5.h">
      <Filter>Header Files</Filter>
    </ClInclude>
    <ClInclude Include="..\common\bspfile.h">
      <Filter>Header Files</Filter>
    </ClInclude>
    <ClInclude Include="..\common\cmdlib.h">
      <Filter>Header Files</Filter>
    </ClInclude>
    <ClInclude Include="..\common\filelib.h">
      <Filter>Header Files</Filter>
    </ClInclude>
    <ClInclude Include="..\common\hlassert.h">
      <Filter>Header Files</Filter>
    </ClInclude>
    <ClInclude Include="..\common\log.h">
      <Filter>Header Files</Filter>
    </ClInclude>
    <ClInclude Include="..\common\mathlib.h">
      <Filter>Header Files</Filter>
    </ClInclude>
    <ClInclude Include="..\common\mathtypes.h">
      <Filter>Header Files</Filter>
    </ClInclude>
    <ClInclude Include="..\common\messages.h">
      <Filter>Header Files</Filter>
    </ClInclude>
    <ClInclude Include="..\common\scriplib.h">
      <Filter>Header Files</Filter>
    </ClInclude>
    <ClInclude Include="..\common\threads.h">
      <Filter>Header Files</Filter>
    </ClInclude>
    <ClInclude Include="..\common\win32fix.h">
      <Filter>Header Files</Filter>
    </ClInclude>
  </ItemGroup>
</Project>